PODS:
  - TradeBook_Base (0.0.1):
    - YYCategories (~> 1.0.4)
  - YYCategories (1.0.4):
    - YYCategories/no-arc (= 1.0.4)
  - YYCategories/no-arc (1.0.4)

DEPENDENCIES:
  - TradeBook_Base (from `../`)

SPEC REPOS:
  trunk:
    - YYCategories

EXTERNAL SOURCES:
  TradeBook_Base:
    :path: "../"

SPEC CHECKSUMS:
  TradeBook_Base: ab0dcc874eff28f10cac34455bb298309686dc6b
  YYCategories: 6bcd4314c6661a561410dce4a793379ebd306abd

PODFILE CHECKSUM: 4f4427288f31aefc6556c31a93df8d13904670a9

COCOAPODS: 1.11.3
