PODS:
  - Masonry (1.1.0)
  - TradeBook_Base (0.0.3):
    - Masonry (~> 1.1.0)

DEPENDENCIES:
  - TradeBook_Base (from `../`)

SPEC REPOS:
  trunk:
    - Masonry

EXTERNAL SOURCES:
  TradeBook_Base:
    :path: "../"

SPEC CHECKSUMS:
  Masonry: 678fab65091a9290e40e2832a55e7ab731aad201
  TradeBook_Base: 20832903051474bd0c20f7b6c36829e210940b5e

PODFILE CHECKSUM: 4f4427288f31aefc6556c31a93df8d13904670a9

COCOAPODS: 1.11.3
